
Microsoft Visual Studio Solution File, Format Version 12.00
# Visual Studio Version 16
VisualStudioVersion = 16.0.29728.190
MinimumVisualStudioVersion = 10.0.40219.1
Project("{FAE04EC0-301F-11D3-BF4B-00C04F79EFBC}") = "WebAppNetCore1", "WebAppNetCore1\WebAppNetCore1.csproj", "{7EF09F85-0FA5-4683-869F-EBC1E7E6CEF7}"
EndProject
Global
	GlobalSection(SolutionConfigurationPlatforms) = preSolution
		Debug|Any CPU = Debug|Any CPU
		Release|Any CPU = Release|Any CPU
	EndGlobalSection
	GlobalSection(ProjectConfigurationPlatforms) = postSolution
		{7EF09F85-0FA5-4683-869F-EBC1E7E6CEF7}.Debug|Any CPU.ActiveCfg = Debug|Any CPU
		{7EF09F85-0FA5-4683-869F-EBC1E7E6CEF7}.Debug|Any CPU.Build.0 = Debug|Any CPU
		{7EF09F85-0FA5-4683-869F-EBC1E7E6CEF7}.Release|Any CPU.ActiveCfg = Release|Any CPU
		{7EF09F85-0FA5-4683-869F-EBC1E7E6CEF7}.Release|Any CPU.Build.0 = Release|Any CPU
	EndGlobalSection
	GlobalSection(SolutionProperties) = preSolution
		HideSolutionNode = FALSE
	EndGlobalSection
	GlobalSection(ExtensibilityGlobals) = postSolution
		SolutionGuid = {3D8070B9-FACB-4B21-A4E9-D79669E87839}
	EndGlobalSection
EndGlobal
